
Microsoft Visual Studio Solution File, Format Version 12.00
# Visual Studio 14
VisualStudioVersion = 14.0.23107.0
MinimumVisualStudioVersion = 10.0.40219.1
Project("{FAE04EC0-301F-11D3-BF4B-00C04F79EFBC}") = "Ch6_Program8", "Ch6_Program8\Ch6_Program8.csproj", "{87B3AB0A-B2FA-491A-AEC2-0D22391E1E9E}"
EndProject
Global
	GlobalSection(SolutionConfigurationPlatforms) = preSolution
		Debug|Any CPU = Debug|Any CPU
		Release|Any CPU = Release|Any CPU
	EndGlobalSection
	GlobalSection(ProjectConfigurationPlatforms) = postSolution
		{87B3AB0A-B2FA-491A-AEC2-0D22391E1E9E}.Debug|Any CPU.ActiveCfg = Debug|Any CPU
		{87B3AB0A-B2FA-491A-AEC2-0D22391E1E9E}.Debug|Any CPU.Build.0 = Debug|Any CPU
		{87B3AB0A-B2FA-491A-AEC2-0D22391E1E9E}.Release|Any CPU.ActiveCfg = Release|Any CPU
		{87B3AB0A-B2FA-491A-AEC2-0D22391E1E9E}.Release|Any CPU.Build.0 = Release|Any CPU
	EndGlobalSection
	GlobalSection(SolutionProperties) = preSolution
		HideSolutionNode = FALSE
	EndGlobalSection
EndGlobal
