
Microsoft Visual Studio Solution File, Format Version 12.00
# Visual Studio 14
VisualStudioVersion = 14.0.23107.0
MinimumVisualStudioVersion = 10.0.40219.1
Project("{FAE04EC0-301F-11D3-BF4B-00C04F79EFBC}") = "Day2_Per78_Chapter2_Practice", "Day2_Per78_Chapter2_Practice\Day2_Per78_Chapter2_Practice.csproj", "{8DFFBC53-7D97-4C52-9038-845803045544}"
EndProject
Global
	GlobalSection(SolutionConfigurationPlatforms) = preSolution
		Debug|Any CPU = Debug|Any CPU
		Release|Any CPU = Release|Any CPU
	EndGlobalSection
	GlobalSection(ProjectConfigurationPlatforms) = postSolution
		{8DFFBC53-7D97-4C52-9038-845803045544}.Debug|Any CPU.ActiveCfg = Debug|Any CPU
		{8DFFBC53-7D97-4C52-9038-845803045544}.Debug|Any CPU.Build.0 = Debug|Any CPU
		{8DFFBC53-7D97-4C52-9038-845803045544}.Release|Any CPU.ActiveCfg = Release|Any CPU
		{8DFFBC53-7D97-4C52-9038-845803045544}.Release|Any CPU.Build.0 = Release|Any CPU
	EndGlobalSection
	GlobalSection(SolutionProperties) = preSolution
		HideSolutionNode = FALSE
	EndGlobalSection
EndGlobal
