
Microsoft Visual Studio Solution File, Format Version 12.00
# Visual Studio 14
VisualStudioVersion = 14.0.23107.0
MinimumVisualStudioVersion = 10.0.40219.1
Project("{FAE04EC0-301F-11D3-BF4B-00C04F79EFBC}") = "Day2_Per78_IntroStuff", "Day2_Per78_IntroStuff\Day2_Per78_IntroStuff.csproj", "{94993C57-5FC5-47FA-ADFE-58A5E98386AB}"
EndProject
Global
	GlobalSection(SolutionConfigurationPlatforms) = preSolution
		Debug|Any CPU = Debug|Any CPU
		Release|Any CPU = Release|Any CPU
	EndGlobalSection
	GlobalSection(ProjectConfigurationPlatforms) = postSolution
		{94993C57-5FC5-47FA-ADFE-58A5E98386AB}.Debug|Any CPU.ActiveCfg = Debug|Any CPU
		{94993C57-5FC5-47FA-ADFE-58A5E98386AB}.Debug|Any CPU.Build.0 = Debug|Any CPU
		{94993C57-5FC5-47FA-ADFE-58A5E98386AB}.Release|Any CPU.ActiveCfg = Release|Any CPU
		{94993C57-5FC5-47FA-ADFE-58A5E98386AB}.Release|Any CPU.Build.0 = Release|Any CPU
	EndGlobalSection
	GlobalSection(SolutionProperties) = preSolution
		HideSolutionNode = FALSE
	EndGlobalSection
EndGlobal
