
Microsoft Visual Studio Solution File, Format Version 12.00
# Visual Studio 14
VisualStudioVersion = 14.0.23107.0
MinimumVisualStudioVersion = 10.0.40219.1
Project("{FAE04EC0-301F-11D3-BF4B-00C04F79EFBC}") = "Ch4_Program8", "Ch4_Program8\Ch4_Program8.csproj", "{2F1B03E8-B772-45F7-AD7B-0000360DF021}"
EndProject
Global
	GlobalSection(SolutionConfigurationPlatforms) = preSolution
		Debug|Any CPU = Debug|Any CPU
		Release|Any CPU = Release|Any CPU
	EndGlobalSection
	GlobalSection(ProjectConfigurationPlatforms) = postSolution
		{2F1B03E8-B772-45F7-AD7B-0000360DF021}.Debug|Any CPU.ActiveCfg = Debug|Any CPU
		{2F1B03E8-B772-45F7-AD7B-0000360DF021}.Debug|Any CPU.Build.0 = Debug|Any CPU
		{2F1B03E8-B772-45F7-AD7B-0000360DF021}.Release|Any CPU.ActiveCfg = Release|Any CPU
		{2F1B03E8-B772-45F7-AD7B-0000360DF021}.Release|Any CPU.Build.0 = Release|Any CPU
	EndGlobalSection
	GlobalSection(SolutionProperties) = preSolution
		HideSolutionNode = FALSE
	EndGlobalSection
EndGlobal
