
Microsoft Visual Studio Solution File, Format Version 12.00
# Visual Studio 14
VisualStudioVersion = 14.0.23107.0
MinimumVisualStudioVersion = 10.0.40219.1
Project("{FAE04EC0-301F-11D3-BF4B-00C04F79EFBC}") = "Day1_Per3_Chapter3Practice", "Day1_Per3_Chapter3Practice\Day1_Per3_Chapter3Practice.csproj", "{29878B55-EDA3-4BA1-86A4-8343984D330F}"
EndProject
Global
	GlobalSection(SolutionConfigurationPlatforms) = preSolution
		Debug|Any CPU = Debug|Any CPU
		Release|Any CPU = Release|Any CPU
	EndGlobalSection
	GlobalSection(ProjectConfigurationPlatforms) = postSolution
		{29878B55-EDA3-4BA1-86A4-8343984D330F}.Debug|Any CPU.ActiveCfg = Debug|Any CPU
		{29878B55-EDA3-4BA1-86A4-8343984D330F}.Debug|Any CPU.Build.0 = Debug|Any CPU
		{29878B55-EDA3-4BA1-86A4-8343984D330F}.Release|Any CPU.ActiveCfg = Release|Any CPU
		{29878B55-EDA3-4BA1-86A4-8343984D330F}.Release|Any CPU.Build.0 = Release|Any CPU
	EndGlobalSection
	GlobalSection(SolutionProperties) = preSolution
		HideSolutionNode = FALSE
	EndGlobalSection
EndGlobal
