
Microsoft Visual Studio Solution File, Format Version 12.00
# Visual Studio 14
VisualStudioVersion = 14.0.23107.0
MinimumVisualStudioVersion = 10.0.40219.1
Project("{FAE04EC0-301F-11D3-BF4B-00C04F79EFBC}") = "House_Dimensions", "House_Dimensions\House_Dimensions.csproj", "{A8A10597-3412-4C12-84A9-7887C57CBD3B}"
EndProject
Global
	GlobalSection(SolutionConfigurationPlatforms) = preSolution
		Debug|Any CPU = Debug|Any CPU
		Release|Any CPU = Release|Any CPU
	EndGlobalSection
	GlobalSection(ProjectConfigurationPlatforms) = postSolution
		{A8A10597-3412-4C12-84A9-7887C57CBD3B}.Debug|Any CPU.ActiveCfg = Debug|Any CPU
		{A8A10597-3412-4C12-84A9-7887C57CBD3B}.Debug|Any CPU.Build.0 = Debug|Any CPU
		{A8A10597-3412-4C12-84A9-7887C57CBD3B}.Release|Any CPU.ActiveCfg = Release|Any CPU
		{A8A10597-3412-4C12-84A9-7887C57CBD3B}.Release|Any CPU.Build.0 = Release|Any CPU
	EndGlobalSection
	GlobalSection(SolutionProperties) = preSolution
		HideSolutionNode = FALSE
	EndGlobalSection
EndGlobal
