
Microsoft Visual Studio Solution File, Format Version 11.00
# Visual C# Express 2010
Project("{FAE04EC0-301F-11D3-BF4B-00C04F79EFBC}") = "Ch4_MethodPracticeB_Day1", "Ch4_MethodPracticeB_Day1\Ch4_MethodPracticeB_Day1.csproj", "{31EDCD6F-B632-4A10-8F8F-355D333FB670}"
EndProject
Global
	GlobalSection(SolutionConfigurationPlatforms) = preSolution
		Debug|x86 = Debug|x86
		Release|x86 = Release|x86
	EndGlobalSection
	GlobalSection(ProjectConfigurationPlatforms) = postSolution
		{31EDCD6F-B632-4A10-8F8F-355D333FB670}.Debug|x86.ActiveCfg = Debug|x86
		{31EDCD6F-B632-4A10-8F8F-355D333FB670}.Debug|x86.Build.0 = Debug|x86
		{31EDCD6F-B632-4A10-8F8F-355D333FB670}.Release|x86.ActiveCfg = Release|x86
		{31EDCD6F-B632-4A10-8F8F-355D333FB670}.Release|x86.Build.0 = Release|x86
	EndGlobalSection
	GlobalSection(SolutionProperties) = preSolution
		HideSolutionNode = FALSE
	EndGlobalSection
EndGlobal
