
Microsoft Visual Studio Solution File, Format Version 11.00
# Visual C# Express 2010
Project("{FAE04EC0-301F-11D3-BF4B-00C04F79EFBC}") = "Day2_Chapter3_CarpetCalculator_Practice", "Day2_Chapter3_CarpetCalculator_Practice\Day2_Chapter3_CarpetCalculator_Practice.csproj", "{A6759953-C2BB-4B25-819A-51DAA19959D0}"
EndProject
Global
	GlobalSection(SolutionConfigurationPlatforms) = preSolution
		Debug|x86 = Debug|x86
		Release|x86 = Release|x86
	EndGlobalSection
	GlobalSection(ProjectConfigurationPlatforms) = postSolution
		{A6759953-C2BB-4B25-819A-51DAA19959D0}.Debug|x86.ActiveCfg = Debug|x86
		{A6759953-C2BB-4B25-819A-51DAA19959D0}.Debug|x86.Build.0 = Debug|x86
		{A6759953-C2BB-4B25-819A-51DAA19959D0}.Release|x86.ActiveCfg = Release|x86
		{A6759953-C2BB-4B25-819A-51DAA19959D0}.Release|x86.Build.0 = Release|x86
	EndGlobalSection
	GlobalSection(SolutionProperties) = preSolution
		HideSolutionNode = FALSE
	EndGlobalSection
EndGlobal
