
Microsoft Visual Studio Solution File, Format Version 12.00
# Visual Studio 15
VisualStudioVersion = 15.0.27130.2010
MinimumVisualStudioVersion = 10.0.40219.1
Project("{FAE04EC0-301F-11D3-BF4B-00C04F79EFBC}") = "Pacman", "Pacman\Pacman.csproj", "{861FEABC-9AC9-4E0A-9646-321FAE7FC927}"
EndProject
Global
	GlobalSection(SolutionConfigurationPlatforms) = preSolution
		Debug|Any CPU = Debug|Any CPU
		Release|Any CPU = Release|Any CPU
	EndGlobalSection
	GlobalSection(ProjectConfigurationPlatforms) = postSolution
		{861FEABC-9AC9-4E0A-9646-321FAE7FC927}.Debug|Any CPU.ActiveCfg = Debug|Any CPU
		{861FEABC-9AC9-4E0A-9646-321FAE7FC927}.Debug|Any CPU.Build.0 = Debug|Any CPU
		{861FEABC-9AC9-4E0A-9646-321FAE7FC927}.Release|Any CPU.ActiveCfg = Release|Any CPU
		{861FEABC-9AC9-4E0A-9646-321FAE7FC927}.Release|Any CPU.Build.0 = Release|Any CPU
	EndGlobalSection
	GlobalSection(SolutionProperties) = preSolution
		HideSolutionNode = FALSE
	EndGlobalSection
	GlobalSection(ExtensibilityGlobals) = postSolution
		SolutionGuid = {4D364CAB-943A-41FC-8A0A-805412BA8289}
	EndGlobalSection
EndGlobal
