
Microsoft Visual Studio Solution File, Format Version 12.00
# Visual Studio 14
VisualStudioVersion = 14.0.23107.0
MinimumVisualStudioVersion = 10.0.40219.1
Project("{FAE04EC0-301F-11D3-BF4B-00C04F79EFBC}") = "Cents_Program", "Cents_Program\Cents_Program.csproj", "{404C5B07-4D07-4DAF-9804-0898F4DD0049}"
EndProject
Global
	GlobalSection(SolutionConfigurationPlatforms) = preSolution
		Debug|Any CPU = Debug|Any CPU
		Release|Any CPU = Release|Any CPU
	EndGlobalSection
	GlobalSection(ProjectConfigurationPlatforms) = postSolution
		{404C5B07-4D07-4DAF-9804-0898F4DD0049}.Debug|Any CPU.ActiveCfg = Debug|Any CPU
		{404C5B07-4D07-4DAF-9804-0898F4DD0049}.Debug|Any CPU.Build.0 = Debug|Any CPU
		{404C5B07-4D07-4DAF-9804-0898F4DD0049}.Release|Any CPU.ActiveCfg = Release|Any CPU
		{404C5B07-4D07-4DAF-9804-0898F4DD0049}.Release|Any CPU.Build.0 = Release|Any CPU
	EndGlobalSection
	GlobalSection(SolutionProperties) = preSolution
		HideSolutionNode = FALSE
	EndGlobalSection
EndGlobal
