
Microsoft Visual Studio Solution File, Format Version 12.00
# Visual Studio 14
VisualStudioVersion = 14.0.23107.0
MinimumVisualStudioVersion = 10.0.40219.1
Project("{FAE04EC0-301F-11D3-BF4B-00C04F79EFBC}") = "Ch6_Program2", "Ch6_Program2\Ch6_Program2.csproj", "{F97123FA-80B5-40BA-B901-0FD8607246B8}"
EndProject
Global
	GlobalSection(SolutionConfigurationPlatforms) = preSolution
		Debug|Any CPU = Debug|Any CPU
		Release|Any CPU = Release|Any CPU
	EndGlobalSection
	GlobalSection(ProjectConfigurationPlatforms) = postSolution
		{F97123FA-80B5-40BA-B901-0FD8607246B8}.Debug|Any CPU.ActiveCfg = Debug|Any CPU
		{F97123FA-80B5-40BA-B901-0FD8607246B8}.Debug|Any CPU.Build.0 = Debug|Any CPU
		{F97123FA-80B5-40BA-B901-0FD8607246B8}.Release|Any CPU.ActiveCfg = Release|Any CPU
		{F97123FA-80B5-40BA-B901-0FD8607246B8}.Release|Any CPU.Build.0 = Release|Any CPU
	EndGlobalSection
	GlobalSection(SolutionProperties) = preSolution
		HideSolutionNode = FALSE
	EndGlobalSection
EndGlobal
