
Microsoft Visual Studio Solution File, Format Version 12.00
# Visual Studio 14
VisualStudioVersion = 14.0.23107.0
MinimumVisualStudioVersion = 10.0.40219.1
Project("{FAE04EC0-301F-11D3-BF4B-00C04F79EFBC}") = "Day1_Per45_FirstProgram", "Day1_Per45_FirstProgram\Day1_Per45_FirstProgram.csproj", "{105481F9-7C77-42B1-ABA5-40C9BB6469FA}"
EndProject
Global
	GlobalSection(SolutionConfigurationPlatforms) = preSolution
		Debug|Any CPU = Debug|Any CPU
		Release|Any CPU = Release|Any CPU
	EndGlobalSection
	GlobalSection(ProjectConfigurationPlatforms) = postSolution
		{105481F9-7C77-42B1-ABA5-40C9BB6469FA}.Debug|Any CPU.ActiveCfg = Debug|Any CPU
		{105481F9-7C77-42B1-ABA5-40C9BB6469FA}.Debug|Any CPU.Build.0 = Debug|Any CPU
		{105481F9-7C77-42B1-ABA5-40C9BB6469FA}.Release|Any CPU.ActiveCfg = Release|Any CPU
		{105481F9-7C77-42B1-ABA5-40C9BB6469FA}.Release|Any CPU.Build.0 = Release|Any CPU
	EndGlobalSection
	GlobalSection(SolutionProperties) = preSolution
		HideSolutionNode = FALSE
	EndGlobalSection
EndGlobal
