
Microsoft Visual Studio Solution File, Format Version 12.00
# Visual Studio 14
VisualStudioVersion = 14.0.23107.0
MinimumVisualStudioVersion = 10.0.40219.1
Project("{FAE04EC0-301F-11D3-BF4B-00C04F79EFBC}") = "StickFigure", "StickFigure\StickFigure.csproj", "{9060D8ED-B53B-4200-AA57-F2974D065854}"
EndProject
Global
	GlobalSection(SolutionConfigurationPlatforms) = preSolution
		Debug|Any CPU = Debug|Any CPU
		Release|Any CPU = Release|Any CPU
	EndGlobalSection
	GlobalSection(ProjectConfigurationPlatforms) = postSolution
		{9060D8ED-B53B-4200-AA57-F2974D065854}.Debug|Any CPU.ActiveCfg = Debug|Any CPU
		{9060D8ED-B53B-4200-AA57-F2974D065854}.Debug|Any CPU.Build.0 = Debug|Any CPU
		{9060D8ED-B53B-4200-AA57-F2974D065854}.Release|Any CPU.ActiveCfg = Release|Any CPU
		{9060D8ED-B53B-4200-AA57-F2974D065854}.Release|Any CPU.Build.0 = Release|Any CPU
	EndGlobalSection
	GlobalSection(SolutionProperties) = preSolution
		HideSolutionNode = FALSE
	EndGlobalSection
EndGlobal
