
Microsoft Visual Studio Solution File, Format Version 12.00
# Visual Studio 14
VisualStudioVersion = 14.0.23107.0
MinimumVisualStudioVersion = 10.0.40219.1
Project("{FAE04EC0-301F-11D3-BF4B-00C04F79EFBC}") = "Chapter14_WebBasedApplications_MrLynch", "Chapter14_WebBasedApplications_MrLynch\Chapter14_WebBasedApplications_MrLynch.csproj", "{03872F52-4238-43CF-8FEE-A191F584C6AB}"
EndProject
Global
	GlobalSection(SolutionConfigurationPlatforms) = preSolution
		Debug|Any CPU = Debug|Any CPU
		Release|Any CPU = Release|Any CPU
	EndGlobalSection
	GlobalSection(ProjectConfigurationPlatforms) = postSolution
		{03872F52-4238-43CF-8FEE-A191F584C6AB}.Debug|Any CPU.ActiveCfg = Debug|Any CPU
		{03872F52-4238-43CF-8FEE-A191F584C6AB}.Debug|Any CPU.Build.0 = Debug|Any CPU
		{03872F52-4238-43CF-8FEE-A191F584C6AB}.Release|Any CPU.ActiveCfg = Release|Any CPU
		{03872F52-4238-43CF-8FEE-A191F584C6AB}.Release|Any CPU.Build.0 = Release|Any CPU
	EndGlobalSection
	GlobalSection(SolutionProperties) = preSolution
		HideSolutionNode = FALSE
	EndGlobalSection
EndGlobal
