
Microsoft Visual Studio Solution File, Format Version 12.00
# Visual Studio 15
VisualStudioVersion = 15.0.27130.2010
MinimumVisualStudioVersion = 10.0.40219.1
Project("{FAE04EC0-301F-11D3-BF4B-00C04F79EFBC}") = "Final_Project2", "Final_Project2\Final_Project2.csproj", "{FB9D9402-FBCD-4D41-867B-6083F2458F1C}"
EndProject
Global
	GlobalSection(SolutionConfigurationPlatforms) = preSolution
		Debug|Any CPU = Debug|Any CPU
		Release|Any CPU = Release|Any CPU
	EndGlobalSection
	GlobalSection(ProjectConfigurationPlatforms) = postSolution
		{FB9D9402-FBCD-4D41-867B-6083F2458F1C}.Debug|Any CPU.ActiveCfg = Debug|Any CPU
		{FB9D9402-FBCD-4D41-867B-6083F2458F1C}.Debug|Any CPU.Build.0 = Debug|Any CPU
		{FB9D9402-FBCD-4D41-867B-6083F2458F1C}.Release|Any CPU.ActiveCfg = Release|Any CPU
		{FB9D9402-FBCD-4D41-867B-6083F2458F1C}.Release|Any CPU.Build.0 = Release|Any CPU
	EndGlobalSection
	GlobalSection(SolutionProperties) = preSolution
		HideSolutionNode = FALSE
	EndGlobalSection
	GlobalSection(ExtensibilityGlobals) = postSolution
		SolutionGuid = {DF655BDB-6280-4016-B57D-8F1704601DFB}
	EndGlobalSection
EndGlobal
